github.com/alexraskin/discordwebhook v0.0.0-20250323035829-346105760ad7 h1:xncgsh1erLfKk+FqIVQAQhMhRT+769Y6OFgHuZUm1zc=
github.com/alexraskin/discordwebhook v0.0.0-20250323035829-346105760ad7/go.mod h1:oLrm8WseRy1IlK7vY/NdHlkdxbPjXIZphoYo+2/AN/A=
github.com/gregdel/pushover v1.3.1 h1:4bMLITOZ15+Zpi6qqoGqOPuVHCwSUvMCgVnN5Xhilfo=
github.com/gregdel/pushover v1.3.1/go.mod h1:EcaO66Nn1StkpEm1iKtBTV3d2A16SoMsVER1PthX7to=
